<Project xmlns="http://schemas.microsoft.com/developer/msbuild/2003">
  <PropertyGroup>
    <ProjectGuid>{a8a59ce0-79c0-4a57-9d57-40639f1c75ad}</ProjectGuid>
    <MainSource>PasLauncher.dpr</MainSource>
    <Configuration Condition=" '$(Configuration)' == '' ">Debug</Configuration>
    <Platform Condition=" '$(Platform)' == '' ">AnyCPU</Platform>
    <DCC_DCCCompiler>DCC32</DCC_DCCCompiler>
    <DCC_DependencyCheckOutputName>..\PasLauncher.exe</DCC_DependencyCheckOutputName>
  </PropertyGroup>
  <PropertyGroup Condition=" '$(Configuration)|$(Platform)' == 'Release|AnyCPU' ">
    <Version>7.0</Version>
    <DCC_DebugInformation>False</DCC_DebugInformation>
    <DCC_LocalDebugSymbols>False</DCC_LocalDebugSymbols>
    <DCC_SymbolReferenceInfo>0</DCC_SymbolReferenceInfo>
    <DCC_Define>RELEASE</DCC_Define>
  </PropertyGroup>
  <PropertyGroup Condition=" '$(Configuration)|$(Platform)' == 'Debug|AnyCPU' ">
    <Version>7.0</Version>
    <DCC_Define>DEBUG</DCC_Define>
    <DCC_ExeOutput>..\</DCC_ExeOutput>
    <DCC_DcuOutput>..\dcu</DCC_DcuOutput>
    <DCC_ObjOutput>..\dcu</DCC_ObjOutput>
    <DCC_HppOutput>..\dcu</DCC_HppOutput>
    <DCC_UnitSearchPath>..\ScaleMM2;..\Shared;..\kolmck;..\kolextras;..\DirectX</DCC_UnitSearchPath>
    <DCC_ResourcePath>..\ScaleMM2;..\Shared;..\kolmck;..\kolextras;..\DirectX</DCC_ResourcePath>
    <DCC_ObjPath>..\ScaleMM2;..\Shared;..\kolmck;..\kolextras;..\DirectX</DCC_ObjPath>
    <DCC_IncludePath>..\ScaleMM2;..\Shared;..\kolmck;..\kolextras;..\DirectX</DCC_IncludePath>
  </PropertyGroup>
  <ProjectExtensions>
    <Borland.Personality>Delphi.Personality</Borland.Personality>
    <Borland.ProjectType>VCLApplication</Borland.ProjectType>
    <BorlandProject>
<BorlandProject xmlns=""> <Delphi.Personality>   <Parameters>
      <Parameters Name="UseLauncher">False</Parameters>
      <Parameters Name="LoadAllSymbols">True</Parameters>
      <Parameters Name="LoadUnspecifiedSymbols">False</Parameters>
    </Parameters>
    <VersionInfo>
      <VersionInfo Name="IncludeVerInfo">True</VersionInfo>
      <VersionInfo Name="AutoIncBuild">False</VersionInfo>
      <VersionInfo Name="MajorVer">1</VersionInfo>
      <VersionInfo Name="MinorVer">0</VersionInfo>
      <VersionInfo Name="Release">1</VersionInfo>
      <VersionInfo Name="Build">112</VersionInfo>
      <VersionInfo Name="Debug">False</VersionInfo>
      <VersionInfo Name="PreRelease">False</VersionInfo>
      <VersionInfo Name="Special">False</VersionInfo>
      <VersionInfo Name="Private">False</VersionInfo>
      <VersionInfo Name="DLL">False</VersionInfo>
      <VersionInfo Name="Locale">1057</VersionInfo>
      <VersionInfo Name="CodePage">1252</VersionInfo>
    </VersionInfo>
    <VersionInfoKeys>
      <VersionInfoKeys Name="CompanyName">Fajar Harapan</VersionInfoKeys>
      <VersionInfoKeys Name="FileDescription">PASCAL Launcher untuk galeri</VersionInfoKeys>
      <VersionInfoKeys Name="FileVersion">1.0.1.112</VersionInfoKeys>
      <VersionInfoKeys Name="InternalName">PASCAL 2014</VersionInfoKeys>
      <VersionInfoKeys Name="LegalCopyright">Copyright © FARISSS 2014</VersionInfoKeys>
      <VersionInfoKeys Name="LegalTrademarks"></VersionInfoKeys>
      <VersionInfoKeys Name="OriginalFilename">PasLauncher.exe</VersionInfoKeys>
      <VersionInfoKeys Name="ProductName">PASCAL 2014</VersionInfoKeys>
      <VersionInfoKeys Name="ProductVersion">1.0.0.0</VersionInfoKeys>
      <VersionInfoKeys Name="Comments"></VersionInfoKeys>
    </VersionInfoKeys>
    <Source>
      <Source Name="MainSource">PasLauncher.dpr</Source>
    </Source>
  </Delphi.Personality> </BorlandProject></BorlandProject>
  </ProjectExtensions>
  <Import Project="$(MSBuildBinPath)\Borland.Delphi.Targets" />
  <ItemGroup>
    <DelphiCompile Include="PasLauncher.dpr">
      <MainSource>MainSource</MainSource>
    </DelphiCompile>
    <DCCReference Include="AppConst.pas" />
    <DCCReference Include="APPRES.pas" />
    <DCCReference Include="AppStrings.pas" />
    <DCCReference Include="AppTypes.pas" />
    <DCCReference Include="AppUtils.pas" />
    <DCCReference Include="AppVars.pas" />
    <DCCReference Include="IntroMode.pas" />
    <DCCReference Include="LaunchCfg.pas" />
    <DCCReference Include="MpatMode.pas" />
    <DCCReference Include="SponsMode.pas" />
    <DCCReference Include="SuppMode.pas" />
  </ItemGroup>
</Project>